schema: '2.0'
stages:
  download_dataset:
    cmd: download_dataset
    deps:
    - path: heart/data/download_dataset.py
      md5: f36dfc8470c61c2502b5f4d30579f527
      size: 339
    outs:
    - path: data/raw/heart_cleveland_upload.csv
      md5: 9f536dad38229ca519687b116f1d632a
      size: 11106
  train_model:
    cmd: train
    deps:
    - path: data/raw/heart_cleveland_upload.csv
      md5: 9f536dad38229ca519687b116f1d632a
      size: 11106
    - path: heart/conf/config.py
      md5: af041633ea134662d48154dfbc4c1f77
      size: 1233
    - path: heart/conf/config.yaml
      md5: 663ba3ccd61148ba38ce8985adb45d2d
      size: 69
    - path: heart/models/train.py
      md5: b841667d7e5cbfbaa6d9024bf0547986
      size: 3004
    outs:
    - path: models/last_model.joblib
      md5: 6efb99cb06db077992e4c338f59bae69
      size: 4481
